// !$*UTF8*$!
{
	archiveVersion = 1;
	classes = {
	};
	objectVersion = 77;
	objects = {

/* Begin PBXBuildFile section */
		CB53E23C2FF7D94000E7DDCC /* FirebaseAnalytics in Frameworks */ = {isa = PBXBuildFile; productRef = CB53E23B2FF7D94000E7DDCC /* FirebaseAnalytics */; };
		CB53E23E2FF7D94000E7DDCC /* FirebaseAuth in Frameworks */ = {isa = PBXBuildFile; productRef = CB53E23D2FF7D94000E7DDCC /* FirebaseAuth */; };
		CB53E2402FF7D94000E7DDCC /* FirebaseCore in Frameworks */ = {isa = PBXBuildFile; productRef = CB53E23F2FF7D94000E7DDCC /* FirebaseCore */; };
		CB53E2422FF7D94000E7DDCC /* FirebaseFirestore in Frameworks */ = {isa = PBXBuildFile; productRef = CB53E2412FF7D94000E7DDCC /* FirebaseFirestore */; };
		CB56B6CA2FFB6D7B00F3E260 /* GoogleSignIn in Frameworks */ = {isa = PBXBuildFile; productRef = CB56B6C92FFB6D7B00F3E260 /* GoogleSignIn */; };
		CB59630B2FFE027E00AB6A92 /* FirebaseMessaging in Frameworks */ = {isa = PBXBuildFile; productRef = CB59630A2FFE027E00AB6A92 /* FirebaseMessaging */; };
		E98A035C2FFEBF3400E42604 /* WidgetKit.framework in Frameworks */ = {isa = PBXBuildFile; fileRef = E98A035B2FFEBF3400E42604 /* WidgetKit.framework */; };
		E98A035E2FFEBF3400E42604 /* SwiftUI.framework in Frameworks */ = {isa = PBXBuildFile; fileRef = E98A035D2FFEBF3400E42604 /* SwiftUI.framework */; };
		E98A036D2FFEBF3500E42604 /* WatchWidgetBGExtension.appex in Embed Foundation Extensions */ = {isa = PBXBuildFile; fileRef = E98A035A2FFEBF3400E42604 /* WatchWidgetBGExtension.appex */; settings = {ATTRIBUTES = (RemoveHeadersOnCopy, ); }; };
		E9ECC3B72FFD1F2400CA3470 /* FirebaseFirestore in Frameworks */ = {isa = PBXBuildFile; productRef = E9ECC3B62FFD1F2400CA3470 /* FirebaseFirestore */; };
		E9ECC3B92FFD1F4300CA3470 /* FirebaseAuth in Frameworks */ = {isa = PBXBuildFile; productRef = E9ECC3B82FFD1F4300CA3470 /* FirebaseAuth */; };
/* End PBXBuildFile section */

/* Begin PBXContainerItemProxy section */
		E98A036B2FFEBF3500E42604 /* PBXContainerItemProxy */ = {
			isa = PBXContainerItemProxy;
			containerPortal = 8E7B295C2FEE1AE600E8B444 /* Project object */;
			proxyType = 1;
			remoteGlobalIDString = E98A03592FFEBF3400E42604;
			remoteInfo = WatchWidgetBGExtension;
		};
/* End PBXContainerItemProxy section */

/* Begin PBXCopyFilesBuildPhase section */
		E98A03722FFEBF3500E42604 /* Embed Foundation Extensions */ = {
			isa = PBXCopyFilesBuildPhase;
			buildActionMask = 2147483647;
			dstPath = "";
			dstSubfolderSpec = 13;
			files = (
				E98A036D2FFEBF3500E42604 /* WatchWidgetBGExtension.appex in Embed Foundation Extensions */,
			);
			name = "Embed Foundation Extensions";
			runOnlyForDeploymentPostprocessing = 0;
		};
/* End PBXCopyFilesBuildPhase section */

/* Begin PBXFileReference section */
		8E7B29642FEE1AE600E8B444 /* BuddyGuard - Safety Companion.app */ = {isa = PBXFileReference; explicitFileType = wrapper.application; includeInIndex = 0; path = "BuddyGuard - Safety Companion.app"; sourceTree = BUILT_PRODUCTS_DIR; };
		8E7B297C2FEE1C4A00E8B444 /* BuddyGuard WatchOs Watch App.app */ = {isa = PBXFileReference; explicitFileType = wrapper.application; includeInIndex = 0; path = "BuddyGuard WatchOs Watch App.app"; sourceTree = BUILT_PRODUCTS_DIR; };
		CB56B6CB2FFB6DAA00F3E260 /* BuddyGuard-Info.plist */ = {isa = PBXFileReference; lastKnownFileType = text.plist; path = "BuddyGuard-Info.plist"; sourceTree = "<group>"; };
		CB6BBDE32FF768AD006ED1A1 /* BuddyGuard.entitlements */ = {isa = PBXFileReference; lastKnownFileType = text.plist.entitlements; path = BuddyGuard.entitlements; sourceTree = "<group>"; };
		E98A035A2FFEBF3400E42604 /* WatchWidgetBGExtension.appex */ = {isa = PBXFileReference; explicitFileType = "wrapper.app-extension"; includeInIndex = 0; path = WatchWidgetBGExtension.appex; sourceTree = BUILT_PRODUCTS_DIR; };
		E98A035B2FFEBF3400E42604 /* WidgetKit.framework */ = {isa = PBXFileReference; lastKnownFileType = wrapper.framework; name = WidgetKit.framework; path = System/Library/Frameworks/WidgetKit.framework; sourceTree = SDKROOT; };
		E98A035D2FFEBF3400E42604 /* SwiftUI.framework */ = {isa = PBXFileReference; lastKnownFileType = wrapper.framework; name = SwiftUI.framework; path = System/Library/Frameworks/SwiftUI.framework; sourceTree = SDKROOT; };
		E9A265D72FFF38E60067C2A2 /* BuddyGuard-WatchOs-Watch-App-Info.plist */ = {isa = PBXFileReference; lastKnownFileType = text.plist; path = "BuddyGuard-WatchOs-Watch-App-Info.plist"; sourceTree = "<group>"; };
/* End PBXFileReference section */

/* Begin PBXFileSystemSynchronizedBuildFileExceptionSet section */
		E98A03712FFEBF3500E42604 /* Exceptions for "WatchWidgetBG" folder in "WatchWidgetBGExtension" target */ = {
			isa = PBXFileSystemSynchronizedBuildFileExceptionSet;
			membershipExceptions = (
				Info.plist,
			);
			target = E98A03592FFEBF3400E42604 /* WatchWidgetBGExtension */;
		};
		E9A265DD2FFF43E50067C2A2 /* Exceptions for "WatchWidgetBG" folder in "BuddyGuard WatchOs Watch App" target */ = {
			isa = PBXFileSystemSynchronizedBuildFileExceptionSet;
			membershipExceptions = (
				OpenSOSIntent.swift,
			);
			target = 8E7B297B2FEE1C4A00E8B444 /* BuddyGuard WatchOs Watch App */;
		};
		E9ECC3B32FFD01CC00CA3470 /* Exceptions for "BuddyGuard Phone" folder in "BuddyGuard WatchOs Watch App" target */ = {
			isa = PBXFileSystemSynchronizedBuildFileExceptionSet;
			membershipExceptions = (
				Model/UserState.swift,
				Services/LocationManager.swift,
				Services/RouteManager.swift,
			);
			target = 8E7B297B2FEE1C4A00E8B444 /* BuddyGuard WatchOs Watch App */;
		};
/* End PBXFileSystemSynchronizedBuildFileExceptionSet section */

/* Begin PBXFileSystemSynchronizedRootGroup section */
		8E7B29662FEE1AE600E8B444 /* BuddyGuard Phone */ = {
			isa = PBXFileSystemSynchronizedRootGroup;
			exceptions = (
				E9ECC3B32FFD01CC00CA3470 /* Exceptions for "BuddyGuard Phone" folder in "BuddyGuard WatchOs Watch App" target */,
			);
			path = "BuddyGuard Phone";
			sourceTree = "<group>";
		};
		8E7B297D2FEE1C4A00E8B444 /* BuddyGuard Watch */ = {
			isa = PBXFileSystemSynchronizedRootGroup;
			path = "BuddyGuard Watch";
			sourceTree = "<group>";
		};
		E98A035F2FFEBF3400E42604 /* WatchWidgetBG */ = {
			isa = PBXFileSystemSynchronizedRootGroup;
			exceptions = (
				E9A265DD2FFF43E50067C2A2 /* Exceptions for "WatchWidgetBG" folder in "BuddyGuard WatchOs Watch App" target */,
				E98A03712FFEBF3500E42604 /* Exceptions for "WatchWidgetBG" folder in "WatchWidgetBGExtension" target */,
			);
			path = WatchWidgetBG;
			sourceTree = "<group>";
		};
/* End PBXFileSystemSynchronizedRootGroup section */

/* Begin PBXFrameworksBuildPhase section */
		8E7B29612FEE1AE600E8B444 /* Frameworks */ = {
			isa = PBXFrameworksBuildPhase;
			buildActionMask = 2147483647;
			files = (
				CB59630B2FFE027E00AB6A92 /* FirebaseMessaging in Frameworks */,
				CB56B6CA2FFB6D7B00F3E260 /* GoogleSignIn in Frameworks */,
				CB53E23C2FF7D94000E7DDCC /* FirebaseAnalytics in Frameworks */,
				CB53E2422FF7D94000E7DDCC /* FirebaseFirestore in Frameworks */,
				CB53E2402FF7D94000E7DDCC /* FirebaseCore in Frameworks */,
				CB53E23E2FF7D94000E7DDCC /* FirebaseAuth in Frameworks */,
			);
			runOnlyForDeploymentPostprocessing = 0;
		};
		8E7B29792FEE1C4A00E8B444 /* Frameworks */ = {
			isa = PBXFrameworksBuildPhase;
			buildActionMask = 2147483647;
			files = (
				E9ECC3B72FFD1F2400CA3470 /* FirebaseFirestore in Frameworks */,
				E9ECC3B92FFD1F4300CA3470 /* FirebaseAuth in Frameworks */,
			);
			runOnlyForDeploymentPostprocessing = 0;
		};
		E98A03572FFEBF3400E42604 /* Frameworks */ = {
			isa = PBXFrameworksBuildPhase;
			buildActionMask = 2147483647;
			files = (
				E98A035E2FFEBF3400E42604 /* SwiftUI.framework in Frameworks */,
				E98A035C2FFEBF3400E42604 /* WidgetKit.framework in Frameworks */,
			);
			runOnlyForDeploymentPostprocessing = 0;
		};
/* End PBXFrameworksBuildPhase section */

/* Begin PBXGroup section */
		8E7B295B2FEE1AE600E8B444 = {
			isa = PBXGroup;
			children = (
				E9A265D72FFF38E60067C2A2 /* BuddyGuard-WatchOs-Watch-App-Info.plist */,
				CB56B6CB2FFB6DAA00F3E260 /* BuddyGuard-Info.plist */,
				CB6BBDE32FF768AD006ED1A1 /* BuddyGuard.entitlements */,
				8E7B29662FEE1AE600E8B444 /* BuddyGuard Phone */,
				8E7B297D2FEE1C4A00E8B444 /* BuddyGuard Watch */,
				E98A035F2FFEBF3400E42604 /* WatchWidgetBG */,
				CB53E2432FF7D97300E7DDCC /* Frameworks */,
				8E7B29652FEE1AE600E8B444 /* Products */,
			);
			sourceTree = "<group>";
		};
		8E7B29652FEE1AE600E8B444 /* Products */ = {
			isa = PBXGroup;
			children = (
				8E7B29642FEE1AE600E8B444 /* BuddyGuard - Safety Companion.app */,
				8E7B297C2FEE1C4A00E8B444 /* BuddyGuard WatchOs Watch App.app */,
				E98A035A2FFEBF3400E42604 /* WatchWidgetBGExtension.appex */,
			);
			name = Products;
			sourceTree = "<group>";
		};
		CB53E2432FF7D97300E7DDCC /* Frameworks */ = {
			isa = PBXGroup;
			children = (
				E98A035B2FFEBF3400E42604 /* WidgetKit.framework */,
				E98A035D2FFEBF3400E42604 /* SwiftUI.framework */,
			);
			name = Frameworks;
			sourceTree = "<group>";
		};
/* End PBXGroup section */

/* Begin PBXNativeTarget section */
		8E7B29632FEE1AE600E8B444 /* BuddyGuard */ = {
			isa = PBXNativeTarget;
			buildConfigurationList = 8E7B296F2FEE1AE700E8B444 /* Build configuration list for PBXNativeTarget "BuddyGuard" */;
			buildPhases = (
				8E7B29602FEE1AE600E8B444 /* Sources */,
				8E7B29612FEE1AE600E8B444 /* Frameworks */,
				8E7B29622FEE1AE600E8B444 /* Resources */,
			);
			buildRules = (
			);
			dependencies = (
			);
			fileSystemSynchronizedGroups = (
				8E7B29662FEE1AE600E8B444 /* BuddyGuard Phone */,
			);
			name = BuddyGuard;
			packageProductDependencies = (
				CB53E23B2FF7D94000E7DDCC /* FirebaseAnalytics */,
				CB53E23D2FF7D94000E7DDCC /* FirebaseAuth */,
				CB53E23F2FF7D94000E7DDCC /* FirebaseCore */,
				CB53E2412FF7D94000E7DDCC /* FirebaseFirestore */,
				CB56B6C92FFB6D7B00F3E260 /* GoogleSignIn */,
				CB59630A2FFE027E00AB6A92 /* FirebaseMessaging */,
			);
			productName = BuddyGuard;
			productReference = 8E7B29642FEE1AE600E8B444 /* BuddyGuard - Safety Companion.app */;
			productType = "com.apple.product-type.application";
		};
		8E7B297B2FEE1C4A00E8B444 /* BuddyGuard WatchOs Watch App */ = {
			isa = PBXNativeTarget;
			buildConfigurationList = 8E7B29862FEE1C4B00E8B444 /* Build configuration list for PBXNativeTarget "BuddyGuard WatchOs Watch App" */;
			buildPhases = (
				8E7B29782FEE1C4A00E8B444 /* Sources */,
				8E7B29792FEE1C4A00E8B444 /* Frameworks */,
				8E7B297A2FEE1C4A00E8B444 /* Resources */,
				E98A03722FFEBF3500E42604 /* Embed Foundation Extensions */,
			);
			buildRules = (
			);
			dependencies = (
				E98A036C2FFEBF3500E42604 /* PBXTargetDependency */,
			);
			fileSystemSynchronizedGroups = (
				8E7B297D2FEE1C4A00E8B444 /* BuddyGuard Watch */,
			);
			name = "BuddyGuard WatchOs Watch App";
			packageProductDependencies = (
				E9ECC3B62FFD1F2400CA3470 /* FirebaseFirestore */,
				E9ECC3B82FFD1F4300CA3470 /* FirebaseAuth */,
			);
			productName = "BuddyGuard WatchOs Watch App";
			productReference = 8E7B297C2FEE1C4A00E8B444 /* BuddyGuard WatchOs Watch App.app */;
			productType = "com.apple.product-type.application";
		};
		E98A03592FFEBF3400E42604 /* WatchWidgetBGExtension */ = {
			isa = PBXNativeTarget;
			buildConfigurationList = E98A036E2FFEBF3500E42604 /* Build configuration list for PBXNativeTarget "WatchWidgetBGExtension" */;
			buildPhases = (
				E98A03562FFEBF3400E42604 /* Sources */,
				E98A03572FFEBF3400E42604 /* Frameworks */,
				E98A03582FFEBF3400E42604 /* Resources */,
			);
			buildRules = (
			);
			dependencies = (
			);
			fileSystemSynchronizedGroups = (
				E98A035F2FFEBF3400E42604 /* WatchWidgetBG */,
			);
			name = WatchWidgetBGExtension;
			packageProductDependencies = (
			);
			productName = WatchWidgetBGExtension;
			productReference = E98A035A2FFEBF3400E42604 /* WatchWidgetBGExtension.appex */;
			productType = "com.apple.product-type.app-extension";
		};
/* End PBXNativeTarget section */

/* Begin PBXProject section */
		8E7B295C2FEE1AE600E8B444 /* Project object */ = {
			isa = PBXProject;
			attributes = {
				BuildIndependentTargetsInParallel = 1;
				LastSwiftUpdateCheck = 2660;
				LastUpgradeCheck = 2660;
				TargetAttributes = {
					8E7B29632FEE1AE600E8B444 = {
						CreatedOnToolsVersion = 26.5;
					};
					8E7B297B2FEE1C4A00E8B444 = {
						CreatedOnToolsVersion = 26.5;
					};
					E98A03592FFEBF3400E42604 = {
						CreatedOnToolsVersion = 26.6;
					};
				};
			};
			buildConfigurationList = 8E7B295F2FEE1AE600E8B444 /* Build configuration list for PBXProject "BuddyGuard" */;
			developmentRegion = en;
			hasScannedForEncodings = 0;
			knownRegions = (
				en,
				Base,
			);
			mainGroup = 8E7B295B2FEE1AE600E8B444;
			minimizedProjectReferenceProxies = 1;
			packageReferences = (
				CB53E23A2FF7D94000E7DDCC /* XCRemoteSwiftPackageReference "firebase-ios-sdk" */,
				CB56B6C82FFB6D7B00F3E260 /* XCRemoteSwiftPackageReference "GoogleSignIn-iOS" */,
			);
			preferredProjectObjectVersion = 77;
			productRefGroup = 8E7B29652FEE1AE600E8B444 /* Products */;
			projectDirPath = "";
			projectRoot = "";
			targets = (
				8E7B29632FEE1AE600E8B444 /* BuddyGuard */,
				8E7B297B2FEE1C4A00E8B444 /* BuddyGuard WatchOs Watch App */,
				E98A03592FFEBF3400E42604 /* WatchWidgetBGExtension */,
			);
		};
/* End PBXProject section */

/* Begin PBXResourcesBuildPhase section */
		8E7B29622FEE1AE600E8B444 /* Resources */ = {
			isa = PBXResourcesBuildPhase;
			buildActionMask = 2147483647;
			files = (
			);
			runOnlyForDeploymentPostprocessing = 0;
		};
		8E7B297A2FEE1C4A00E8B444 /* Resources */ = {
			isa = PBXResourcesBuildPhase;
			buildActionMask = 2147483647;
			files = (
			);
			runOnlyForDeploymentPostprocessing = 0;
		};
		E98A03582FFEBF3400E42604 /* Resources */ = {
			isa = PBXResourcesBuildPhase;
			buildActionMask = 2147483647;
			files = (
			);
			runOnlyForDeploymentPostprocessing = 0;
		};
/* End PBXResourcesBuildPhase section */

/* Begin PBXSourcesBuildPhase section */
		8E7B29602FEE1AE600E8B444 /* Sources */ = {
			isa = PBXSourcesBuildPhase;
			buildActionMask = 2147483647;
			files = (
			);
			runOnlyForDeploymentPostprocessing = 0;
		};
		8E7B29782FEE1C4A00E8B444 /* Sources */ = {
			isa = PBXSourcesBuildPhase;
			buildActionMask = 2147483647;
			files = (
			);
			runOnlyForDeploymentPostprocessing = 0;
		};
		E98A03562FFEBF3400E42604 /* Sources */ = {
			isa = PBXSourcesBuildPhase;
			buildActionMask = 2147483647;
			files = (
			);
			runOnlyForDeploymentPostprocessing = 0;
		};
/* End PBXSourcesBuildPhase section */

/* Begin PBXTargetDependency section */
		E98A036C2FFEBF3500E42604 /* PBXTargetDependency */ = {
			isa = PBXTargetDependency;
			target = E98A03592FFEBF3400E42604 /* WatchWidgetBGExtension */;
			targetProxy = E98A036B2FFEBF3500E42604 /* PBXContainerItemProxy */;
		};
/* End PBXTargetDependency section */

/* Begin XCBuildConfiguration section */
		8E7B296D2FEE1AE700E8B444 /* Debug */ = {
			isa = XCBuildConfiguration;
			buildSettings = {
				ALWAYS_SEARCH_USER_PATHS = NO;
				ASSETCATALOG_COMPILER_GENERATE_SWIFT_ASSET_SYMBOL_EXTENSIONS = YES;
				CLANG_ANALYZER_NONNULL = YES;
				CLANG_ANALYZER_NUMBER_OBJECT_CONVERSION = YES_AGGRESSIVE;
				CLANG_CXX_LANGUAGE_STANDARD = "gnu++20";
				CLANG_ENABLE_MODULES = YES;
				CLANG_ENABLE_OBJC_ARC = YES;
				CLANG_ENABLE_OBJC_WEAK = YES;
				CLANG_WARN_BLOCK_CAPTURE_AUTORELEASING = YES;
				CLANG_WARN_BOOL_CONVERSION = YES;
				CLANG_WARN_COMMA = YES;
				CLANG_WARN_CONSTANT_CONVERSION = YES;
				CLANG_WARN_DEPRECATED_OBJC_IMPLEMENTATIONS = YES;
				CLANG_WARN_DIRECT_OBJC_ISA_USAGE = YES_ERROR;
				CLANG_WARN_DOCUMENTATION_COMMENTS = YES;
				CLANG_WARN_EMPTY_BODY = YES;
				CLANG_WARN_ENUM_CONVERSION = YES;
				CLANG_WARN_INFINITE_RECURSION = YES;
				CLANG_WARN_INT_CONVERSION = YES;
				CLANG_WARN_NON_LITERAL_NULL_CONVERSION = YES;
				CLANG_WARN_OBJC_IMPLICIT_RETAIN_SELF = YES;
				CLANG_WARN_OBJC_LITERAL_CONVERSION = YES;
				CLANG_WARN_OBJC_ROOT_CLASS = YES_ERROR;
				CLANG_WARN_QUOTED_INCLUDE_IN_FRAMEWORK_HEADER = YES;
				CLANG_WARN_RANGE_LOOP_ANALYSIS = YES;
				CLANG_WARN_STRICT_PROTOTYPES = YES;
				CLANG_WARN_SUSPICIOUS_MOVE = YES;
				CLANG_WARN_UNGUARDED_AVAILABILITY = YES_AGGRESSIVE;
				CLANG_WARN_UNREACHABLE_CODE = YES;
				CLANG_WARN__DUPLICATE_METHOD_MATCH = YES;
				COPY_PHASE_STRIP = NO;
				DEAD_CODE_STRIPPING = YES;
				DEBUG_INFORMATION_FORMAT = dwarf;
				DEVELOPMENT_TEAM = 3GQRS52F9C;
				ENABLE_STRICT_OBJC_MSGSEND = YES;
				ENABLE_TESTABILITY = YES;
				ENABLE_USER_SCRIPT_SANDBOXING = YES;
				GCC_C_LANGUAGE_STANDARD = gnu17;
				GCC_DYNAMIC_NO_PIC = NO;
				GCC_NO_COMMON_BLOCKS = YES;
				GCC_OPTIMIZATION_LEVEL = 0;
				GCC_PREPROCESSOR_DEFINITIONS = (
					"DEBUG=1",
					"$(inherited)",
				);
				GCC_WARN_64_TO_32_BIT_CONVERSION = YES;
				GCC_WARN_ABOUT_RETURN_TYPE = YES_ERROR;
				GCC_WARN_UNDECLARED_SELECTOR = YES;
				GCC_WARN_UNINITIALIZED_AUTOS = YES_AGGRESSIVE;
				GCC_WARN_UNUSED_FUNCTION = YES;
				GCC_WARN_UNUSED_VARIABLE = YES;
				LOCALIZATION_PREFERS_STRING_CATALOGS = YES;
				MTL_ENABLE_DEBUG_INFO = INCLUDE_SOURCE;
				MTL_FAST_MATH = YES;
				ONLY_ACTIVE_ARCH = YES;
				STRING_CATALOG_GENERATE_SYMBOLS = YES;
				SWIFT_ACTIVE_COMPILATION_CONDITIONS = "DEBUG $(inherited)";
				SWIFT_OPTIMIZATION_LEVEL = "-Onone";
			};
			name = Debug;
		};
		8E7B296E2FEE1AE700E8B444 /* Release */ = {
			isa = XCBuildConfiguration;
			buildSettings = {
				ALWAYS_SEARCH_USER_PATHS = NO;
				ASSETCATALOG_COMPILER_GENERATE_SWIFT_ASSET_SYMBOL_EXTENSIONS = YES;
				CLANG_ANALYZER_NONNULL = YES;
				CLANG_ANALYZER_NUMBER_OBJECT_CONVERSION = YES_AGGRESSIVE;
				CLANG_CXX_LANGUAGE_STANDARD = "gnu++20";
				CLANG_ENABLE_MODULES = YES;
				CLANG_ENABLE_OBJC_ARC = YES;
				CLANG_ENABLE_OBJC_WEAK = YES;
				CLANG_WARN_BLOCK_CAPTURE_AUTORELEASING = YES;
				CLANG_WARN_BOOL_CONVERSION = YES;
				CLANG_WARN_COMMA = YES;
				CLANG_WARN_CONSTANT_CONVERSION = YES;
				CLANG_WARN_DEPRECATED_OBJC_IMPLEMENTATIONS = YES;
				CLANG_WARN_DIRECT_OBJC_ISA_USAGE = YES_ERROR;
				CLANG_WARN_DOCUMENTATION_COMMENTS = YES;
				CLANG_WARN_EMPTY_BODY = YES;
				CLANG_WARN_ENUM_CONVERSION = YES;
				CLANG_WARN_INFINITE_RECURSION = YES;
				CLANG_WARN_INT_CONVERSION = YES;
				CLANG_WARN_NON_LITERAL_NULL_CONVERSION = YES;
				CLANG_WARN_OBJC_IMPLICIT_RETAIN_SELF = YES;
				CLANG_WARN_OBJC_LITERAL_CONVERSION = YES;
				CLANG_WARN_OBJC_ROOT_CLASS = YES_ERROR;
				CLANG_WARN_QUOTED_INCLUDE_IN_FRAMEWORK_HEADER = YES;
				CLANG_WARN_RANGE_LOOP_ANALYSIS = YES;
				CLANG_WARN_STRICT_PROTOTYPES = YES;
				CLANG_WARN_SUSPICIOUS_MOVE = YES;
				CLANG_WARN_UNGUARDED_AVAILABILITY = YES_AGGRESSIVE;
				CLANG_WARN_UNREACHABLE_CODE = YES;
				CLANG_WARN__DUPLICATE_METHOD_MATCH = YES;
				COPY_PHASE_STRIP = NO;
				DEAD_CODE_STRIPPING = YES;
				DEBUG_INFORMATION_FORMAT = "dwarf-with-dsym";
				DEVELOPMENT_TEAM = 3GQRS52F9C;
				ENABLE_NS_ASSERTIONS = NO;
				ENABLE_STRICT_OBJC_MSGSEND = YES;
				ENABLE_USER_SCRIPT_SANDBOXING = YES;
				GCC_C_LANGUAGE_STANDARD = gnu17;
				GCC_NO_COMMON_BLOCKS = YES;
				GCC_WARN_64_TO_32_BIT_CONVERSION = YES;
				GCC_WARN_ABOUT_RETURN_TYPE = YES_ERROR;
				GCC_WARN_UNDECLARED_SELECTOR = YES;
				GCC_WARN_UNINITIALIZED_AUTOS = YES_AGGRESSIVE;
				GCC_WARN_UNUSED_FUNCTION = YES;
				GCC_WARN_UNUSED_VARIABLE = YES;
				LOCALIZATION_PREFERS_STRING_CATALOGS = YES;
				MTL_ENABLE_DEBUG_INFO = NO;
				MTL_FAST_MATH = YES;
				STRING_CATALOG_GENERATE_SYMBOLS = YES;
				SWIFT_COMPILATION_MODE = wholemodule;
			};
			name = Release;
		};
		8E7B29702FEE1AE700E8B444 /* Debug */ = {
			isa = XCBuildConfiguration;
			buildSettings = {
				ASSETCATALOG_COMPILER_APPICON_NAME = AppIcon;
				ASSETCATALOG_COMPILER_GLOBAL_ACCENT_COLOR_NAME = AccentColor;
				CODE_SIGN_ENTITLEMENTS = BuddyGuard.entitlements;
				CODE_SIGN_IDENTITY = "Apple Development";
				CODE_SIGN_STYLE = Automatic;
				CURRENT_PROJECT_VERSION = 1;
				DEAD_CODE_STRIPPING = YES;
				DEVELOPMENT_TEAM = 4XGZ9C5T38;
				ENABLE_APP_SANDBOX = YES;
				ENABLE_HARDENED_RUNTIME = YES;
				ENABLE_PREVIEWS = YES;
				ENABLE_USER_SELECTED_FILES = readonly;
				GENERATE_INFOPLIST_FILE = YES;
				INFOPLIST_FILE = "BuddyGuard-Info.plist";
				INFOPLIST_KEY_NSLocationWhenInUseUsageDescription = "BuddyGuard needs your location to send for help during an emergency.";
				"INFOPLIST_KEY_UIApplicationSceneManifest_Generation[sdk=iphoneos*]" = YES;
				"INFOPLIST_KEY_UIApplicationSceneManifest_Generation[sdk=iphonesimulator*]" = YES;
				"INFOPLIST_KEY_UIApplicationSupportsIndirectInputEvents[sdk=iphoneos*]" = YES;
				"INFOPLIST_KEY_UIApplicationSupportsIndirectInputEvents[sdk=iphonesimulator*]" = YES;
				"INFOPLIST_KEY_UILaunchScreen_Generation[sdk=iphoneos*]" = YES;
				"INFOPLIST_KEY_UILaunchScreen_Generation[sdk=iphonesimulator*]" = YES;
				INFOPLIST_KEY_UIStatusBarHidden = NO;
				"INFOPLIST_KEY_UIStatusBarStyle[sdk=iphoneos*]" = UIStatusBarStyleDefault;
				"INFOPLIST_KEY_UIStatusBarStyle[sdk=iphonesimulator*]" = UIStatusBarStyleDefault;
				INFOPLIST_KEY_UISupportedInterfaceOrientations = UIInterfaceOrientationPortrait;
				INFOPLIST_KEY_UISupportedInterfaceOrientations_iPad = "UIInterfaceOrientationLandscapeLeft UIInterfaceOrientationLandscapeRight UIInterfaceOrientationPortrait UIInterfaceOrientationPortraitUpsideDown";
				IPHONEOS_DEPLOYMENT_TARGET = 26.5;
				LD_RUNPATH_SEARCH_PATHS = "@executable_path/Frameworks";
				"LD_RUNPATH_SEARCH_PATHS[sdk=macosx*]" = "@executable_path/../Frameworks";
				MACOSX_DEPLOYMENT_TARGET = 26.3;
				MARKETING_VERSION = 1.0;
				PRODUCT_BUNDLE_IDENTIFIER = com.feivelqutby.BuddyGuard4;
				PRODUCT_NAME = "BuddyGuard - Safety Companion";
				PROVISIONING_PROFILE_SPECIFIER = "";
				REGISTER_APP_GROUPS = YES;
				SDKROOT = auto;
				STRING_CATALOG_GENERATE_SYMBOLS = YES;
				SUPPORTED_PLATFORMS = "iphoneos iphonesimulator";
				SUPPORTS_MACCATALYST = NO;
				SWIFT_APPROACHABLE_CONCURRENCY = YES;
				SWIFT_DEFAULT_ACTOR_ISOLATION = MainActor;
				SWIFT_EMIT_LOC_STRINGS = YES;
				SWIFT_UPCOMING_FEATURE_MEMBER_IMPORT_VISIBILITY = YES;
				SWIFT_VERSION = 5.0;
				TARGETED_DEVICE_FAMILY = 1;
				XROS_DEPLOYMENT_TARGET = 26.5;
			};
			name = Debug;
		};
		8E7B29712FEE1AE700E8B444 /* Release */ = {
			isa = XCBuildConfiguration;
			buildSettings = {
				ASSETCATALOG_COMPILER_APPICON_NAME = AppIcon;
				ASSETCATALOG_COMPILER_GLOBAL_ACCENT_COLOR_NAME = AccentColor;
				CODE_SIGN_ENTITLEMENTS = BuddyGuard.entitlements;
				CODE_SIGN_IDENTITY = "Apple Development";
				CODE_SIGN_STYLE = Automatic;
				CURRENT_PROJECT_VERSION = 1;
				DEAD_CODE_STRIPPING = YES;
				DEVELOPMENT_TEAM = 4XGZ9C5T38;
				ENABLE_APP_SANDBOX = YES;
				ENABLE_HARDENED_RUNTIME = YES;
				ENABLE_PREVIEWS = YES;
				ENABLE_USER_SELECTED_FILES = readonly;
				GENERATE_INFOPLIST_FILE = YES;
				INFOPLIST_FILE = "BuddyGuard-Info.plist";
				INFOPLIST_KEY_NSLocationWhenInUseUsageDescription = "BuddyGuard needs your location to send for help during an emergency.";
				"INFOPLIST_KEY_UIApplicationSceneManifest_Generation[sdk=iphoneos*]" = YES;
				"INFOPLIST_KEY_UIApplicationSceneManifest_Generation[sdk=iphonesimulator*]" = YES;
				"INFOPLIST_KEY_UIApplicationSupportsIndirectInputEvents[sdk=iphoneos*]" = YES;
				"INFOPLIST_KEY_UIApplicationSupportsIndirectInputEvents[sdk=iphonesimulator*]" = YES;
				"INFOPLIST_KEY_UILaunchScreen_Generation[sdk=iphoneos*]" = YES;
				"INFOPLIST_KEY_UILaunchScreen_Generation[sdk=iphonesimulator*]" = YES;
				INFOPLIST_KEY_UIStatusBarHidden = NO;
				"INFOPLIST_KEY_UIStatusBarStyle[sdk=iphoneos*]" = UIStatusBarStyleDefault;
				"INFOPLIST_KEY_UIStatusBarStyle[sdk=iphonesimulator*]" = UIStatusBarStyleDefault;
				INFOPLIST_KEY_UISupportedInterfaceOrientations = UIInterfaceOrientationPortrait;
				INFOPLIST_KEY_UISupportedInterfaceOrientations_iPad = "UIInterfaceOrientationLandscapeLeft UIInterfaceOrientationLandscapeRight UIInterfaceOrientationPortrait UIInterfaceOrientationPortraitUpsideDown";
				IPHONEOS_DEPLOYMENT_TARGET = 26.5;
				LD_RUNPATH_SEARCH_PATHS = "@executable_path/Frameworks";
				"LD_RUNPATH_SEARCH_PATHS[sdk=macosx*]" = "@executable_path/../Frameworks";
				MACOSX_DEPLOYMENT_TARGET = 26.3;
				MARKETING_VERSION = 1.0;
				PRODUCT_BUNDLE_IDENTIFIER = com.feivelqutby.BuddyGuard4;
				PRODUCT_NAME = "BuddyGuard - Safety Companion";
				PROVISIONING_PROFILE_SPECIFIER = "";
				REGISTER_APP_GROUPS = YES;
				SDKROOT = auto;
				STRING_CATALOG_GENERATE_SYMBOLS = YES;
				SUPPORTED_PLATFORMS = "iphoneos iphonesimulator";
				SUPPORTS_MACCATALYST = NO;
				SWIFT_APPROACHABLE_CONCURRENCY = YES;
				SWIFT_DEFAULT_ACTOR_ISOLATION = MainActor;
				SWIFT_EMIT_LOC_STRINGS = YES;
				SWIFT_UPCOMING_FEATURE_MEMBER_IMPORT_VISIBILITY = YES;
				SWIFT_VERSION = 5.0;
				TARGETED_DEVICE_FAMILY = 1;
				XROS_DEPLOYMENT_TARGET = 26.5;
			};
			name = Release;
		};
		8E7B29842FEE1C4B00E8B444 /* Debug */ = {
			isa = XCBuildConfiguration;
			buildSettings = {
				ASSETCATALOG_COMPILER_APPICON_NAME = AppIcon;
				ASSETCATALOG_COMPILER_GLOBAL_ACCENT_COLOR_NAME = AccentColor;
				ASSETCATALOG_COMPILER_INCLUDE_ALL_APPICON_ASSETS = YES;
				CODE_SIGN_STYLE = Automatic;
				CURRENT_PROJECT_VERSION = 1;
				DEVELOPMENT_TEAM = 4XGZ9C5T38;
				ENABLE_PREVIEWS = YES;
				GENERATE_INFOPLIST_FILE = YES;
				INFOPLIST_FILE = "BuddyGuard-WatchOs-Watch-App-Info.plist";
				INFOPLIST_KEY_CFBundleDisplayName = "BuddyGuard WatchOs";
				INFOPLIST_KEY_NSLocationWhenInUseUsageDescription = "BuddyGuard needs your location to send for help during an emergency.";
				INFOPLIST_KEY_UISupportedInterfaceOrientations = "UIInterfaceOrientationPortrait UIInterfaceOrientationPortraitUpsideDown";
				INFOPLIST_KEY_WKCompanionAppBundleIdentifier = com.feivelqutby.BuddyGuard4;
				LD_RUNPATH_SEARCH_PATHS = (
					"$(inherited)",
					"@executable_path/Frameworks",
				);
				MARKETING_VERSION = 1.0;
				PRODUCT_BUNDLE_IDENTIFIER = com.feivelqutby.BuddyGuard4.watchApp;
				PRODUCT_NAME = "$(TARGET_NAME)";
				SDKROOT = watchos;
				SKIP_INSTALL = YES;
				STRING_CATALOG_GENERATE_SYMBOLS = YES;
				SWIFT_APPROACHABLE_CONCURRENCY = YES;
				SWIFT_DEFAULT_ACTOR_ISOLATION = MainActor;
				SWIFT_EMIT_LOC_STRINGS = YES;
				SWIFT_UPCOMING_FEATURE_MEMBER_IMPORT_VISIBILITY = YES;
				SWIFT_VERSION = 5.0;
				TARGETED_DEVICE_FAMILY = 4;
				WATCHOS_DEPLOYMENT_TARGET = 26.5;
			};
			name = Debug;
		};
		8E7B29852FEE1C4B00E8B444 /* Release */ = {
			isa = XCBuildConfiguration;
			buildSettings = {
				ASSETCATALOG_COMPILER_APPICON_NAME = AppIcon;
				ASSETCATALOG_COMPILER_GLOBAL_ACCENT_COLOR_NAME = AccentColor;
				ASSETCATALOG_COMPILER_INCLUDE_ALL_APPICON_ASSETS = YES;
				CODE_SIGN_STYLE = Automatic;
				CURRENT_PROJECT_VERSION = 1;
				DEVELOPMENT_TEAM = 4XGZ9C5T38;
				ENABLE_PREVIEWS = YES;
				GENERATE_INFOPLIST_FILE = YES;
				INFOPLIST_FILE = "BuddyGuard-WatchOs-Watch-App-Info.plist";
				INFOPLIST_KEY_CFBundleDisplayName = "BuddyGuard WatchOs";
				INFOPLIST_KEY_NSLocationWhenInUseUsageDescription = "BuddyGuard needs your location to send for help during an emergency.";
				INFOPLIST_KEY_UISupportedInterfaceOrientations = "UIInterfaceOrientationPortrait UIInterfaceOrientationPortraitUpsideDown";
				INFOPLIST_KEY_WKCompanionAppBundleIdentifier = com.feivelqutby.BuddyGuard;
				LD_RUNPATH_SEARCH_PATHS = (
					"$(inherited)",
					"@executable_path/Frameworks",
				);
				MARKETING_VERSION = 1.0;
				PRODUCT_BUNDLE_IDENTIFIER = com.feivelqutby.BuddyGuard4.watchApp;
				PRODUCT_NAME = "$(TARGET_NAME)";
				SDKROOT = watchos;
				SKIP_INSTALL = YES;
				STRING_CATALOG_GENERATE_SYMBOLS = YES;
				SWIFT_APPROACHABLE_CONCURRENCY = YES;
				SWIFT_DEFAULT_ACTOR_ISOLATION = MainActor;
				SWIFT_EMIT_LOC_STRINGS = YES;
				SWIFT_UPCOMING_FEATURE_MEMBER_IMPORT_VISIBILITY = YES;
				SWIFT_VERSION = 5.0;
				TARGETED_DEVICE_FAMILY = 4;
				VALIDATE_PRODUCT = YES;
				WATCHOS_DEPLOYMENT_TARGET = 26.5;
			};
			name = Release;
		};
		E98A036F2FFEBF3500E42604 /* Debug */ = {
			isa = XCBuildConfiguration;
			buildSettings = {
				ASSETCATALOG_COMPILER_GLOBAL_ACCENT_COLOR_NAME = AccentColor;
				ASSETCATALOG_COMPILER_WIDGET_BACKGROUND_COLOR_NAME = WidgetBackground;
				CODE_SIGN_STYLE = Automatic;
				CURRENT_PROJECT_VERSION = 1;
				DEVELOPMENT_TEAM = 4XGZ9C5T38;
				GENERATE_INFOPLIST_FILE = YES;
				INFOPLIST_FILE = WatchWidgetBG/Info.plist;
				INFOPLIST_KEY_CFBundleDisplayName = WatchWidgetBG;
				INFOPLIST_KEY_NSHumanReadableCopyright = "";
				LD_RUNPATH_SEARCH_PATHS = (
					"$(inherited)",
					"@executable_path/Frameworks",
					"@executable_path/../../Frameworks",
					"@executable_path/../../../../Frameworks",
				);
				MARKETING_VERSION = 1.0;
				PRODUCT_BUNDLE_IDENTIFIER = com.feivelqutby.BuddyGuard4.watchApp.WatchWidgetBG;
				PRODUCT_NAME = "$(TARGET_NAME)";
				SDKROOT = watchos;
				SKIP_INSTALL = YES;
				STRING_CATALOG_GENERATE_SYMBOLS = YES;
				SWIFT_APPROACHABLE_CONCURRENCY = YES;
				SWIFT_EMIT_LOC_STRINGS = YES;
				SWIFT_UPCOMING_FEATURE_MEMBER_IMPORT_VISIBILITY = YES;
				SWIFT_VERSION = 5.0;
				TARGETED_DEVICE_FAMILY = 4;
				WATCHOS_DEPLOYMENT_TARGET = 26.5;
			};
			name = Debug;
		};
		E98A03702FFEBF3500E42604 /* Release */ = {
			isa = XCBuildConfiguration;
			buildSettings = {
				ASSETCATALOG_COMPILER_GLOBAL_ACCENT_COLOR_NAME = AccentColor;
				ASSETCATALOG_COMPILER_WIDGET_BACKGROUND_COLOR_NAME = WidgetBackground;
				CODE_SIGN_STYLE = Automatic;
				CURRENT_PROJECT_VERSION = 1;
				DEVELOPMENT_TEAM = 4XGZ9C5T38;
				GENERATE_INFOPLIST_FILE = YES;
				INFOPLIST_FILE = WatchWidgetBG/Info.plist;
				INFOPLIST_KEY_CFBundleDisplayName = WatchWidgetBG;
				INFOPLIST_KEY_NSHumanReadableCopyright = "";
				LD_RUNPATH_SEARCH_PATHS = (
					"$(inherited)",
					"@executable_path/Frameworks",
					"@executable_path/../../Frameworks",
					"@executable_path/../../../../Frameworks",
				);
				MARKETING_VERSION = 1.0;
				PRODUCT_BUNDLE_IDENTIFIER = com.feivelqutby.BuddyGuard4.watchApp.WatchWidgetBG;
				PRODUCT_NAME = "$(TARGET_NAME)";
				SDKROOT = watchos;
				SKIP_INSTALL = YES;
				STRING_CATALOG_GENERATE_SYMBOLS = YES;
				SWIFT_APPROACHABLE_CONCURRENCY = YES;
				SWIFT_EMIT_LOC_STRINGS = YES;
				SWIFT_UPCOMING_FEATURE_MEMBER_IMPORT_VISIBILITY = YES;
				SWIFT_VERSION = 5.0;
				TARGETED_DEVICE_FAMILY = 4;
				VALIDATE_PRODUCT = YES;
				WATCHOS_DEPLOYMENT_TARGET = 26.5;
			};
			name = Release;
		};
/* End XCBuildConfiguration section */

/* Begin XCConfigurationList section */
		8E7B295F2FEE1AE600E8B444 /* Build configuration list for PBXProject "BuddyGuard" */ = {
			isa = XCConfigurationList;
			buildConfigurations = (
				8E7B296D2FEE1AE700E8B444 /* Debug */,
				8E7B296E2FEE1AE700E8B444 /* Release */,
			);
			defaultConfigurationIsVisible = 0;
			defaultConfigurationName = Release;
		};
		8E7B296F2FEE1AE700E8B444 /* Build configuration list for PBXNativeTarget "BuddyGuard" */ = {
			isa = XCConfigurationList;
			buildConfigurations = (
				8E7B29702FEE1AE700E8B444 /* Debug */,
				8E7B29712FEE1AE700E8B444 /* Release */,
			);
			defaultConfigurationIsVisible = 0;
			defaultConfigurationName = Release;
		};
		8E7B29862FEE1C4B00E8B444 /* Build configuration list for PBXNativeTarget "BuddyGuard WatchOs Watch App" */ = {
			isa = XCConfigurationList;
			buildConfigurations = (
				8E7B29842FEE1C4B00E8B444 /* Debug */,
				8E7B29852FEE1C4B00E8B444 /* Release */,
			);
			defaultConfigurationIsVisible = 0;
			defaultConfigurationName = Release;
		};
		E98A036E2FFEBF3500E42604 /* Build configuration list for PBXNativeTarget "WatchWidgetBGExtension" */ = {
			isa = XCConfigurationList;
			buildConfigurations = (
				E98A036F2FFEBF3500E42604 /* Debug */,
				E98A03702FFEBF3500E42604 /* Release */,
			);
			defaultConfigurationIsVisible = 0;
			defaultConfigurationName = Release;
		};
/* End XCConfigurationList section */

/* Begin XCRemoteSwiftPackageReference section */
		CB53E23A2FF7D94000E7DDCC /* XCRemoteSwiftPackageReference "firebase-ios-sdk" */ = {
			isa = XCRemoteSwiftPackageReference;
			repositoryURL = "https://github.com/firebase/firebase-ios-sdk";
			requirement = {
				kind = upToNextMajorVersion;
				minimumVersion = 12.15.0;
			};
		};
		CB56B6C82FFB6D7B00F3E260 /* XCRemoteSwiftPackageReference "GoogleSignIn-iOS" */ = {
			isa = XCRemoteSwiftPackageReference;
			repositoryURL = "https://github.com/google/GoogleSignIn-iOS";
			requirement = {
				kind = upToNextMajorVersion;
				minimumVersion = 9.2.0;
			};
		};
/* End XCRemoteSwiftPackageReference section */

/* Begin XCSwiftPackageProductDependency section */
		CB53E23B2FF7D94000E7DDCC /* FirebaseAnalytics */ = {
			isa = XCSwiftPackageProductDependency;
			package = CB53E23A2FF7D94000E7DDCC /* XCRemoteSwiftPackageReference "firebase-ios-sdk" */;
			productName = FirebaseAnalytics;
		};
		CB53E23D2FF7D94000E7DDCC /* FirebaseAuth */ = {
			isa = XCSwiftPackageProductDependency;
			package = CB53E23A2FF7D94000E7DDCC /* XCRemoteSwiftPackageReference "firebase-ios-sdk" */;
			productName = FirebaseAuth;
		};
		CB53E23F2FF7D94000E7DDCC /* FirebaseCore */ = {
			isa = XCSwiftPackageProductDependency;
			package = CB53E23A2FF7D94000E7DDCC /* XCRemoteSwiftPackageReference "firebase-ios-sdk" */;
			productName = FirebaseCore;
		};
		CB53E2412FF7D94000E7DDCC /* FirebaseFirestore */ = {
			isa = XCSwiftPackageProductDependency;
			package = CB53E23A2FF7D94000E7DDCC /* XCRemoteSwiftPackageReference "firebase-ios-sdk" */;
			productName = FirebaseFirestore;
		};
		CB56B6C92FFB6D7B00F3E260 /* GoogleSignIn */ = {
			isa = XCSwiftPackageProductDependency;
			package = CB56B6C82FFB6D7B00F3E260 /* XCRemoteSwiftPackageReference "GoogleSignIn-iOS" */;
			productName = GoogleSignIn;
		};
		CB59630A2FFE027E00AB6A92 /* FirebaseMessaging */ = {
			isa = XCSwiftPackageProductDependency;
			package = CB53E23A2FF7D94000E7DDCC /* XCRemoteSwiftPackageReference "firebase-ios-sdk" */;
			productName = FirebaseMessaging;
		};
		E9ECC3B62FFD1F2400CA3470 /* FirebaseFirestore */ = {
			isa = XCSwiftPackageProductDependency;
			package = CB53E23A2FF7D94000E7DDCC /* XCRemoteSwiftPackageReference "firebase-ios-sdk" */;
			productName = FirebaseFirestore;
		};
		E9ECC3B82FFD1F4300CA3470 /* FirebaseAuth */ = {
			isa = XCSwiftPackageProductDependency;
			package = CB53E23A2FF7D94000E7DDCC /* XCRemoteSwiftPackageReference "firebase-ios-sdk" */;
			productName = FirebaseAuth;
		};
/* End XCSwiftPackageProductDependency section */
	};
	rootObject = 8E7B295C2FEE1AE600E8B444 /* Project object */;
}
